// !$*UTF8*$!
{
	archiveVersion = 1;
	classes = {
	};
	objectVersion = 46;
	objects = {

/* Begin PBXBuildFile section */
		127F77EBC0194418E917214A /* libPods.a in Frameworks */ = {isa = PBXBuildFile; fileRef = 4435759273F24E4801974761 /* libPods.a */; };
		7DAF4F5D1B78393A00D314CD /* main.m in Sources */ = {isa = PBXBuildFile; fileRef = 7DAF4F5C1B78393A00D314CD /* main.m */; };
		7DAF4F661B78393A00D314CD /* Main.storyboard in Resources */ = {isa = PBXBuildFile; fileRef = 7DAF4F641B78393A00D314CD /* Main.storyboard */; };
		7DAF4F681B78393A00D314CD /* Images.xcassets in Resources */ = {isa = PBXBuildFile; fileRef = 7DAF4F671B78393A00D314CD /* Images.xcassets */; };
		7DAF4F6B1B78393A00D314CD /* LaunchScreen.xib in Resources */ = {isa = PBXBuildFile; fileRef = 7DAF4F691B78393A00D314CD /* LaunchScreen.xib */; };
		7DAF4F771B78393A00D314CD /* iOSDevTipsTests.m in Sources */ = {isa = PBXBuildFile; fileRef = 7DAF4F761B78393A00D314CD /* iOSDevTipsTests.m */; };
		7DAF4F961B783FDE00D314CD /* JHNavigationController.m in Sources */ = {isa = PBXBuildFile; fileRef = 7DAF4F901B783FDE00D314CD /* JHNavigationController.m */; };
		7DAF4F971B783FDE00D314CD /* JHMainViewController.m in Sources */ = {isa = PBXBuildFile; fileRef = 7DAF4F921B783FDE00D314CD /* JHMainViewController.m */; };
		7DAF4F981B783FDE00D314CD /* AppDelegate.m in Sources */ = {isa = PBXBuildFile; fileRef = 7DAF4F951B783FDE00D314CD /* AppDelegate.m */; };
		7DAF4FA41B78404500D314CD /* JHSysPhotoAlbumVc.m in Sources */ = {isa = PBXBuildFile; fileRef = 7DAF4FA31B78404500D314CD /* JHSysPhotoAlbumVc.m */; };
		7DAF4FB21B784E2A00D314CD /* JHCommonViewController.m in Sources */ = {isa = PBXBuildFile; fileRef = 7DAF4FB11B784E2A00D314CD /* JHCommonViewController.m */; };
		7DAF4FB61B784F7000D314CD /* JHCommonGroup.m in Sources */ = {isa = PBXBuildFile; fileRef = 7DAF4FB51B784F7000D314CD /* JHCommonGroup.m */; };
		7DAF4FB91B784FC700D314CD /* JHCommonItem.m in Sources */ = {isa = PBXBuildFile; fileRef = 7DAF4FB81B784FC700D314CD /* JHCommonItem.m */; };
		7DAF4FBC1B784FFA00D314CD /* JHCommonArrowItem.m in Sources */ = {isa = PBXBuildFile; fileRef = 7DAF4FBB1B784FFA00D314CD /* JHCommonArrowItem.m */; };
		7DAF4FBF1B7850F700D314CD /* JHCommonCell.m in Sources */ = {isa = PBXBuildFile; fileRef = 7DAF4FBE1B7850F700D314CD /* JHCommonCell.m */; };
		7DAF4FC21B787AFD00D314CD /* JHCustomPhotoAlbumVc.m in Sources */ = {isa = PBXBuildFile; fileRef = 7DAF4FC11B787AFD00D314CD /* JHCustomPhotoAlbumVc.m */; };
		7DAF4FC71B78900300D314CD /* ALAssetsLibrary+CustomPhotoAlbum.m in Sources */ = {isa = PBXBuildFile; fileRef = 7DAF4FC61B78900300D314CD /* ALAssetsLibrary+CustomPhotoAlbum.m */; };
		7DAF4FFC1B78998400D314CD /* Foundation+Log.m in Sources */ = {isa = PBXBuildFile; fileRef = 7DAF4FE91B78998400D314CD /* Foundation+Log.m */; };
		7DAF4FFD1B78998400D314CD /* NSDate+Extension.m in Sources */ = {isa = PBXBuildFile; fileRef = 7DAF4FEC1B78998400D314CD /* NSDate+Extension.m */; };
		7DAF4FFE1B78998400D314CD /* NSString+Emoji.m in Sources */ = {isa = PBXBuildFile; fileRef = 7DAF4FEF1B78998400D314CD /* NSString+Emoji.m */; };
		7DAF4FFF1B78998400D314CD /* NSString+Extension.m in Sources */ = {isa = PBXBuildFile; fileRef = 7DAF4FF11B78998400D314CD /* NSString+Extension.m */; };
		7DAF50001B78998400D314CD /* NSString+File.m in Sources */ = {isa = PBXBuildFile; fileRef = 7DAF4FF31B78998400D314CD /* NSString+File.m */; };
		7DAF50011B78998400D314CD /* NSString+Hash.m in Sources */ = {isa = PBXBuildFile; fileRef = 7DAF4FF51B78998400D314CD /* NSString+Hash.m */; };
		7DAF50021B78998400D314CD /* UIImage+Extension.m in Sources */ = {isa = PBXBuildFile; fileRef = 7DAF4FF81B78998400D314CD /* UIImage+Extension.m */; };
		7DAF50031B78998400D314CD /* UIView+Extension.m in Sources */ = {isa = PBXBuildFile; fileRef = 7DAF4FFB1B78998400D314CD /* UIView+Extension.m */; };
		7DAF50071B78999600D314CD /* UIBarButtonItem+Extension.m in Sources */ = {isa = PBXBuildFile; fileRef = 7DAF50061B78999600D314CD /* UIBarButtonItem+Extension.m */; };
		7DAF500B1B789A2800D314CD /* JHImageCaptureViewController.m in Sources */ = {isa = PBXBuildFile; fileRef = 7DAF500A1B789A2800D314CD /* JHImageCaptureViewController.m */; };
		7DE551561B7AE4B70068CD81 /* HMNavigationController.m in Sources */ = {isa = PBXBuildFile; fileRef = 7DE551551B7AE4B70068CD81 /* HMNavigationController.m */; };
		7DE9CBB71B7993B500FA7DE7 /* JHSocketServer.m in Sources */ = {isa = PBXBuildFile; fileRef = 7DE9CBB61B7993B500FA7DE7 /* JHSocketServer.m */; };
		7DE9CBBA1B799A5C00FA7DE7 /* JHAsyncSocketVc.m in Sources */ = {isa = PBXBuildFile; fileRef = 7DE9CBB91B799A5C00FA7DE7 /* JHAsyncSocketVc.m */; };
		7DE9CBBE1B79FF6500FA7DE7 /* JHTextView.m in Sources */ = {isa = PBXBuildFile; fileRef = 7DE9CBBD1B79FF6500FA7DE7 /* JHTextView.m */; };
		7DE9CBC11B7A00CF00FA7DE7 /* JHPlaceholderTextViewVc.m in Sources */ = {isa = PBXBuildFile; fileRef = 7DE9CBC01B7A00CF00FA7DE7 /* JHPlaceholderTextViewVc.m */; };
/* End PBXBuildFile section */

/* Begin PBXContainerItemProxy section */
		7DAF4F711B78393A00D314CD /* PBXContainerItemProxy */ = {
			isa = PBXContainerItemProxy;
			containerPortal = 7DAF4F4F1B78393A00D314CD /* Project object */;
			proxyType = 1;
			remoteGlobalIDString = 7DAF4F561B78393A00D314CD;
			remoteInfo = iOSDevTips;
		};
/* End PBXContainerItemProxy section */

/* Begin PBXFileReference section */
		4435759273F24E4801974761 /* libPods.a */ = {isa = PBXFileReference; explicitFileType = archive.ar; includeInIndex = 0; path = libPods.a; sourceTree = BUILT_PRODUCTS_DIR; };
		74983A02184CA3316314623E /* Pods.debug.xcconfig */ = {isa = PBXFileReference; includeInIndex = 1; lastKnownFileType = text.xcconfig; name = Pods.debug.xcconfig; path = "Pods/Target Support Files/Pods/Pods.debug.xcconfig"; sourceTree = "<group>"; };
		7DAF4F571B78393A00D314CD /* iOSDevTips.app */ = {isa = PBXFileReference; explicitFileType = wrapper.application; includeInIndex = 0; path = iOSDevTips.app; sourceTree = BUILT_PRODUCTS_DIR; };
		7DAF4F5B1B78393A00D314CD /* Info.plist */ = {isa = PBXFileReference; lastKnownFileType = text.plist.xml; path = Info.plist; sourceTree = "<group>"; };
		7DAF4F5C1B78393A00D314CD /* main.m */ = {isa = PBXFileReference; lastKnownFileType = sourcecode.c.objc; path = main.m; sourceTree = "<group>"; };
		7DAF4F651B78393A00D314CD /* Base */ = {isa = PBXFileReference; lastKnownFileType = file.storyboard; name = Base; path = Base.lproj/Main.storyboard; sourceTree = "<group>"; };
		7DAF4F671B78393A00D314CD /* Images.xcassets */ = {isa = PBXFileReference; lastKnownFileType = folder.assetcatalog; path = Images.xcassets; sourceTree = "<group>"; };
		7DAF4F6A1B78393A00D314CD /* Base */ = {isa = PBXFileReference; lastKnownFileType = file.xib; name = Base; path = Base.lproj/LaunchScreen.xib; sourceTree = "<group>"; };
		7DAF4F701B78393A00D314CD /* iOSDevTipsTests.xctest */ = {isa = PBXFileReference; explicitFileType = wrapper.cfbundle; includeInIndex = 0; path = iOSDevTipsTests.xctest; sourceTree = BUILT_PRODUCTS_DIR; };
		7DAF4F751B78393A00D314CD /* Info.plist */ = {isa = PBXFileReference; lastKnownFileType = text.plist.xml; path = Info.plist; sourceTree = "<group>"; };
		7DAF4F761B78393A00D314CD /* iOSDevTipsTests.m */ = {isa = PBXFileReference; lastKnownFileType = sourcecode.c.objc; path = iOSDevTipsTests.m; sourceTree = "<group>"; };
		7DAF4F8F1B783FDE00D314CD /* JHNavigationController.h */ = {isa = PBXFileReference; fileEncoding = 4; lastKnownFileType = sourcecode.c.h; path = JHNavigationController.h; sourceTree = "<group>"; };
		7DAF4F901B783FDE00D314CD /* JHNavigationController.m */ = {isa = PBXFileReference; fileEncoding = 4; lastKnownFileType = sourcecode.c.objc; path = JHNavigationController.m; sourceTree = "<group>"; };
		7DAF4F911B783FDE00D314CD /* JHMainViewController.h */ = {isa = PBXFileReference; fileEncoding = 4; lastKnownFileType = sourcecode.c.h; path = JHMainViewController.h; sourceTree = "<group>"; };
		7DAF4F921B783FDE00D314CD /* JHMainViewController.m */ = {isa = PBXFileReference; fileEncoding = 4; lastKnownFileType = sourcecode.c.objc; path = JHMainViewController.m; sourceTree = "<group>"; };
		7DAF4F941B783FDE00D314CD /* AppDelegate.h */ = {isa = PBXFileReference; fileEncoding = 4; lastKnownFileType = sourcecode.c.h; path = AppDelegate.h; sourceTree = "<group>"; };
		7DAF4F951B783FDE00D314CD /* AppDelegate.m */ = {isa = PBXFileReference; fileEncoding = 4; lastKnownFileType = sourcecode.c.objc; path = AppDelegate.m; sourceTree = "<group>"; };
		7DAF4FA21B78404500D314CD /* JHSysPhotoAlbumVc.h */ = {isa = PBXFileReference; fileEncoding = 4; lastKnownFileType = sourcecode.c.h; path = JHSysPhotoAlbumVc.h; sourceTree = "<group>"; };
		7DAF4FA31B78404500D314CD /* JHSysPhotoAlbumVc.m */ = {isa = PBXFileReference; fileEncoding = 4; lastKnownFileType = sourcecode.c.objc; path = JHSysPhotoAlbumVc.m; sourceTree = "<group>"; };
		7DAF4FAC1B7841B700D314CD /* JHPrefixHeader.pch */ = {isa = PBXFileReference; fileEncoding = 4; lastKnownFileType = sourcecode.c.h; path = JHPrefixHeader.pch; sourceTree = "<group>"; };
		7DAF4FB01B784E2A00D314CD /* JHCommonViewController.h */ = {isa = PBXFileReference; fileEncoding = 4; lastKnownFileType = sourcecode.c.h; path = JHCommonViewController.h; sourceTree = "<group>"; };
		7DAF4FB11B784E2A00D314CD /* JHCommonViewController.m */ = {isa = PBXFileReference; fileEncoding = 4; lastKnownFileType = sourcecode.c.objc; path = JHCommonViewController.m; sourceTree = "<group>"; };
		7DAF4FB41B784F7000D314CD /* JHCommonGroup.h */ = {isa = PBXFileReference; fileEncoding = 4; lastKnownFileType = sourcecode.c.h; path = JHCommonGroup.h; sourceTree = "<group>"; };
		7DAF4FB51B784F7000D314CD /* JHCommonGroup.m */ = {isa = PBXFileReference; fileEncoding = 4; lastKnownFileType = sourcecode.c.objc; path = JHCommonGroup.m; sourceTree = "<group>"; };
		7DAF4FB71B784FC700D314CD /* JHCommonItem.h */ = {isa = PBXFileReference; fileEncoding = 4; lastKnownFileType = sourcecode.c.h; path = JHCommonItem.h; sourceTree = "<group>"; };
		7DAF4FB81B784FC700D314CD /* JHCommonItem.m */ = {isa = PBXFileReference; fileEncoding = 4; lastKnownFileType = sourcecode.c.objc; path = JHCommonItem.m; sourceTree = "<group>"; };
		7DAF4FBA1B784FFA00D314CD /* JHCommonArrowItem.h */ = {isa = PBXFileReference; fileEncoding = 4; lastKnownFileType = sourcecode.c.h; path = JHCommonArrowItem.h; sourceTree = "<group>"; };
		7DAF4FBB1B784FFA00D314CD /* JHCommonArrowItem.m */ = {isa = PBXFileReference; fileEncoding = 4; lastKnownFileType = sourcecode.c.objc; path = JHCommonArrowItem.m; sourceTree = "<group>"; };
		7DAF4FBD1B7850F700D314CD /* JHCommonCell.h */ = {isa = PBXFileReference; fileEncoding = 4; lastKnownFileType = sourcecode.c.h; path = JHCommonCell.h; sourceTree = "<group>"; };
		7DAF4FBE1B7850F700D314CD /* JHCommonCell.m */ = {isa = PBXFileReference; fileEncoding = 4; lastKnownFileType = sourcecode.c.objc; path = JHCommonCell.m; sourceTree = "<group>"; };
		7DAF4FC01B787AFD00D314CD /* JHCustomPhotoAlbumVc.h */ = {isa = PBXFileReference; fileEncoding = 4; lastKnownFileType = sourcecode.c.h; path = JHCustomPhotoAlbumVc.h; sourceTree = "<group>"; };
		7DAF4FC11B787AFD00D314CD /* JHCustomPhotoAlbumVc.m */ = {isa = PBXFileReference; fileEncoding = 4; lastKnownFileType = sourcecode.c.objc; path = JHCustomPhotoAlbumVc.m; sourceTree = "<group>"; };
		7DAF4FC51B78900300D314CD /* ALAssetsLibrary+CustomPhotoAlbum.h */ = {isa = PBXFileReference; fileEncoding = 4; lastKnownFileType = sourcecode.c.h; path = "ALAssetsLibrary+CustomPhotoAlbum.h"; sourceTree = "<group>"; };
		7DAF4FC61B78900300D314CD /* ALAssetsLibrary+CustomPhotoAlbum.m */ = {isa = PBXFileReference; fileEncoding = 4; lastKnownFileType = sourcecode.c.objc; path = "ALAssetsLibrary+CustomPhotoAlbum.m"; sourceTree = "<group>"; };
		7DAF4FE91B78998400D314CD /* Foundation+Log.m */ = {isa = PBXFileReference; fileEncoding = 4; lastKnownFileType = sourcecode.c.objc; path = "Foundation+Log.m"; sourceTree = "<group>"; };
		7DAF4FEB1B78998400D314CD /* NSDate+Extension.h */ = {isa = PBXFileReference; fileEncoding = 4; lastKnownFileType = sourcecode.c.h; path = "NSDate+Extension.h"; sourceTree = "<group>"; };
		7DAF4FEC1B78998400D314CD /* NSDate+Extension.m */ = {isa = PBXFileReference; fileEncoding = 4; lastKnownFileType = sourcecode.c.objc; path = "NSDate+Extension.m"; sourceTree = "<group>"; };
		7DAF4FEE1B78998400D314CD /* NSString+Emoji.h */ = {isa = PBXFileReference; fileEncoding = 4; lastKnownFileType = sourcecode.c.h; path = "NSString+Emoji.h"; sourceTree = "<group>"; };
		7DAF4FEF1B78998400D314CD /* NSString+Emoji.m */ = {isa = PBXFileReference; fileEncoding = 4; lastKnownFileType = sourcecode.c.objc; path = "NSString+Emoji.m"; sourceTree = "<group>"; };
		7DAF4FF01B78998400D314CD /* NSString+Extension.h */ = {isa = PBXFileReference; fileEncoding = 4; lastKnownFileType = sourcecode.c.h; path = "NSString+Extension.h"; sourceTree = "<group>"; };
		7DAF4FF11B78998400D314CD /* NSString+Extension.m */ = {isa = PBXFileReference; fileEncoding = 4; lastKnownFileType = sourcecode.c.objc; path = "NSString+Extension.m"; sourceTree = "<group>"; };
		7DAF4FF21B78998400D314CD /* NSString+File.h */ = {isa = PBXFileReference; fileEncoding = 4; lastKnownFileType = sourcecode.c.h; path = "NSString+File.h"; sourceTree = "<group>"; };
		7DAF4FF31B78998400D314CD /* NSString+File.m */ = {isa = PBXFileReference; fileEncoding = 4; lastKnownFileType = sourcecode.c.objc; path = "NSString+File.m"; sourceTree = "<group>"; };
		7DAF4FF41B78998400D314CD /* NSString+Hash.h */ = {isa = PBXFileReference; fileEncoding = 4; lastKnownFileType = sourcecode.c.h; path = "NSString+Hash.h"; sourceTree = "<group>"; };
		7DAF4FF51B78998400D314CD /* NSString+Hash.m */ = {isa = PBXFileReference; fileEncoding = 4; lastKnownFileType = sourcecode.c.objc; path = "NSString+Hash.m"; sourceTree = "<group>"; };
		7DAF4FF71B78998400D314CD /* UIImage+Extension.h */ = {isa = PBXFileReference; fileEncoding = 4; lastKnownFileType = sourcecode.c.h; path = "UIImage+Extension.h"; sourceTree = "<group>"; };
		7DAF4FF81B78998400D314CD /* UIImage+Extension.m */ = {isa = PBXFileReference; fileEncoding = 4; lastKnownFileType = sourcecode.c.objc; path = "UIImage+Extension.m"; sourceTree = "<group>"; };
		7DAF4FFA1B78998400D314CD /* UIView+Extension.h */ = {isa = PBXFileReference; fileEncoding = 4; lastKnownFileType = sourcecode.c.h; path = "UIView+Extension.h"; sourceTree = "<group>"; };
		7DAF4FFB1B78998400D314CD /* UIView+Extension.m */ = {isa = PBXFileReference; fileEncoding = 4; lastKnownFileType = sourcecode.c.objc; path = "UIView+Extension.m"; sourceTree = "<group>"; };
		7DAF50051B78999600D314CD /* UIBarButtonItem+Extension.h */ = {isa = PBXFileReference; fileEncoding = 4; lastKnownFileType = sourcecode.c.h; path = "UIBarButtonItem+Extension.h"; sourceTree = "<group>"; };
		7DAF50061B78999600D314CD /* UIBarButtonItem+Extension.m */ = {isa = PBXFileReference; fileEncoding = 4; lastKnownFileType = sourcecode.c.objc; path = "UIBarButtonItem+Extension.m"; sourceTree = "<group>"; };
		7DAF50091B789A2800D314CD /* JHImageCaptureViewController.h */ = {isa = PBXFileReference; fileEncoding = 4; lastKnownFileType = sourcecode.c.h; path = JHImageCaptureViewController.h; sourceTree = "<group>"; };
		7DAF500A1B789A2800D314CD /* JHImageCaptureViewController.m */ = {isa = PBXFileReference; fileEncoding = 4; lastKnownFileType = sourcecode.c.objc; path = JHImageCaptureViewController.m; sourceTree = "<group>"; };
		7DE551541B7AE4B70068CD81 /* HMNavigationController.h */ = {isa = PBXFileReference; fileEncoding = 4; lastKnownFileType = sourcecode.c.h; path = HMNavigationController.h; sourceTree = "<group>"; };
		7DE551551B7AE4B70068CD81 /* HMNavigationController.m */ = {isa = PBXFileReference; fileEncoding = 4; lastKnownFileType = sourcecode.c.objc; path = HMNavigationController.m; sourceTree = "<group>"; };
		7DE9CBB51B7993B500FA7DE7 /* JHSocketServer.h */ = {isa = PBXFileReference; fileEncoding = 4; lastKnownFileType = sourcecode.c.h; path = JHSocketServer.h; sourceTree = "<group>"; };
		7DE9CBB61B7993B500FA7DE7 /* JHSocketServer.m */ = {isa = PBXFileReference; fileEncoding = 4; lastKnownFileType = sourcecode.c.objc; path = JHSocketServer.m; sourceTree = "<group>"; };
		7DE9CBB81B799A5C00FA7DE7 /* JHAsyncSocketVc.h */ = {isa = PBXFileReference; fileEncoding = 4; lastKnownFileType = sourcecode.c.h; path = JHAsyncSocketVc.h; sourceTree = "<group>"; };
		7DE9CBB91B799A5C00FA7DE7 /* JHAsyncSocketVc.m */ = {isa = PBXFileReference; fileEncoding = 4; lastKnownFileType = sourcecode.c.objc; path = JHAsyncSocketVc.m; sourceTree = "<group>"; };
		7DE9CBBC1B79FF6500FA7DE7 /* JHTextView.h */ = {isa = PBXFileReference; fileEncoding = 4; lastKnownFileType = sourcecode.c.h; path = JHTextView.h; sourceTree = "<group>"; };
		7DE9CBBD1B79FF6500FA7DE7 /* JHTextView.m */ = {isa = PBXFileReference; fileEncoding = 4; lastKnownFileType = sourcecode.c.objc; path = JHTextView.m; sourceTree = "<group>"; };
		7DE9CBBF1B7A00CF00FA7DE7 /* JHPlaceholderTextViewVc.h */ = {isa = PBXFileReference; fileEncoding = 4; lastKnownFileType = sourcecode.c.h; path = JHPlaceholderTextViewVc.h; sourceTree = "<group>"; };
		7DE9CBC01B7A00CF00FA7DE7 /* JHPlaceholderTextViewVc.m */ = {isa = PBXFileReference; fileEncoding = 4; lastKnownFileType = sourcecode.c.objc; path = JHPlaceholderTextViewVc.m; sourceTree = "<group>"; };
		BBE044C142EA45CAFC03FE6D /* Pods.release.xcconfig */ = {isa = PBXFileReference; includeInIndex = 1; lastKnownFileType = text.xcconfig; name = Pods.release.xcconfig; path = "Pods/Target Support Files/Pods/Pods.release.xcconfig"; sourceTree = "<group>"; };
/* End PBXFileReference section */

/* Begin PBXFrameworksBuildPhase section */
		7DAF4F541B78393A00D314CD /* Frameworks */ = {
			isa = PBXFrameworksBuildPhase;
			buildActionMask = 2147483647;
			files = (
				127F77EBC0194418E917214A /* libPods.a in Frameworks */,
			);
			runOnlyForDeploymentPostprocessing = 0;
		};
		7DAF4F6D1B78393A00D314CD /* Frameworks */ = {
			isa = PBXFrameworksBuildPhase;
			buildActionMask = 2147483647;
			files = (
			);
			runOnlyForDeploymentPostprocessing = 0;
		};
/* End PBXFrameworksBuildPhase section */

/* Begin PBXGroup section */
		2D087FE72F323D655C95BEA4 /* Pods */ = {
			isa = PBXGroup;
			children = (
				74983A02184CA3316314623E /* Pods.debug.xcconfig */,
				BBE044C142EA45CAFC03FE6D /* Pods.release.xcconfig */,
			);
			name = Pods;
			sourceTree = "<group>";
		};
		7DAF4F4E1B78393A00D314CD = {
			isa = PBXGroup;
			children = (
				7DAF4F591B78393A00D314CD /* iOSDevTips */,
				7DAF4F731B78393A00D314CD /* iOSDevTipsTests */,
				7DAF4F581B78393A00D314CD /* Products */,
				2D087FE72F323D655C95BEA4 /* Pods */,
				A051F8B6ADA79DD8426649C6 /* Frameworks */,
			);
			sourceTree = "<group>";
		};
		7DAF4F581B78393A00D314CD /* Products */ = {
			isa = PBXGroup;
			children = (
				7DAF4F571B78393A00D314CD /* iOSDevTips.app */,
				7DAF4F701B78393A00D314CD /* iOSDevTipsTests.xctest */,
			);
			name = Products;
			sourceTree = "<group>";
		};
		7DAF4F591B78393A00D314CD /* iOSDevTips */ = {
			isa = PBXGroup;
			children = (
				7DAF4F8B1B783E4A00D314CD /* Classes */,
				7DAF4F641B78393A00D314CD /* Main.storyboard */,
				7DAF4F671B78393A00D314CD /* Images.xcassets */,
				7DAF4F691B78393A00D314CD /* LaunchScreen.xib */,
				7DAF4F5A1B78393A00D314CD /* Supporting Files */,
			);
			path = iOSDevTips;
			sourceTree = "<group>";
		};
		7DAF4F5A1B78393A00D314CD /* Supporting Files */ = {
			isa = PBXGroup;
			children = (
				7DAF4F5B1B78393A00D314CD /* Info.plist */,
				7DAF4F5C1B78393A00D314CD /* main.m */,
				7DAF4FAC1B7841B700D314CD /* JHPrefixHeader.pch */,
			);
			name = "Supporting Files";
			sourceTree = "<group>";
		};
		7DAF4F731B78393A00D314CD /* iOSDevTipsTests */ = {
			isa = PBXGroup;
			children = (
				7DAF4F761B78393A00D314CD /* iOSDevTipsTests.m */,
				7DAF4F741B78393A00D314CD /* Supporting Files */,
			);
			path = iOSDevTipsTests;
			sourceTree = "<group>";
		};
		7DAF4F741B78393A00D314CD /* Supporting Files */ = {
			isa = PBXGroup;
			children = (
				7DAF4F751B78393A00D314CD /* Info.plist */,
			);
			name = "Supporting Files";
			sourceTree = "<group>";
		};
		7DAF4F8B1B783E4A00D314CD /* Classes */ = {
			isa = PBXGroup;
			children = (
				7DE9CBBB1B79FF3400FA7DE7 /* PlacehoderTextView */,
				7DE9CBB41B7992E800FA7DE7 /* AsyncSocket */,
				7DAF50081B7899EB00D314CD /* ImageCapture */,
				7DAF4FA11B78404500D314CD /* PhotoAlbum */,
				7DAF4F8D1B783FDE00D314CD /* Main */,
			);
			path = Classes;
			sourceTree = "<group>";
		};
		7DAF4F8D1B783FDE00D314CD /* Main */ = {
			isa = PBXGroup;
			children = (
				7DAF4FC31B788FED00D314CD /* Lib */,
				7DAF4FB31B784F4500D314CD /* Common */,
				7DAF4FA51B7840B100D314CD /* Category */,
				7DAF4F8E1B783FDE00D314CD /* Controllers */,
				7DAF4F931B783FDE00D314CD /* Others */,
			);
			path = Main;
			sourceTree = "<group>";
		};
		7DAF4F8E1B783FDE00D314CD /* Controllers */ = {
			isa = PBXGroup;
			children = (
				7DE551541B7AE4B70068CD81 /* HMNavigationController.h */,
				7DE551551B7AE4B70068CD81 /* HMNavigationController.m */,
				7DAF4F8F1B783FDE00D314CD /* JHNavigationController.h */,
				7DAF4F901B783FDE00D314CD /* JHNavigationController.m */,
				7DAF4FB01B784E2A00D314CD /* JHCommonViewController.h */,
				7DAF4FB11B784E2A00D314CD /* JHCommonViewController.m */,
				7DAF4F911B783FDE00D314CD /* JHMainViewController.h */,
				7DAF4F921B783FDE00D314CD /* JHMainViewController.m */,
			);
			path = Controllers;
			sourceTree = "<group>";
		};
		7DAF4F931B783FDE00D314CD /* Others */ = {
			isa = PBXGroup;
			children = (
				7DAF4F941B783FDE00D314CD /* AppDelegate.h */,
				7DAF4F951B783FDE00D314CD /* AppDelegate.m */,
			);
			path = Others;
			sourceTree = "<group>";
		};
		7DAF4FA11B78404500D314CD /* PhotoAlbum */ = {
			isa = PBXGroup;
			children = (
				7DAF4FA21B78404500D314CD /* JHSysPhotoAlbumVc.h */,
				7DAF4FA31B78404500D314CD /* JHSysPhotoAlbumVc.m */,
				7DAF4FC01B787AFD00D314CD /* JHCustomPhotoAlbumVc.h */,
				7DAF4FC11B787AFD00D314CD /* JHCustomPhotoAlbumVc.m */,
			);
			path = PhotoAlbum;
			sourceTree = "<group>";
		};
		7DAF4FA51B7840B100D314CD /* Category */ = {
			isa = PBXGroup;
			children = (
				7DAF50041B78999600D314CD /* UIBarButtonItemCategory */,
				7DAF4FE81B78998400D314CD /* Log */,
				7DAF4FEA1B78998400D314CD /* NSDateCategory */,
				7DAF4FED1B78998400D314CD /* NSStringCategory */,
				7DAF4FF61B78998400D314CD /* UIImageCategory */,
				7DAF4FF91B78998400D314CD /* UIViewCategory */,
			);
			path = Category;
			sourceTree = "<group>";
		};
		7DAF4FB31B784F4500D314CD /* Common */ = {
			isa = PBXGroup;
			children = (
				7DAF4FB41B784F7000D314CD /* JHCommonGroup.h */,
				7DAF4FB51B784F7000D314CD /* JHCommonGroup.m */,
				7DAF4FB71B784FC700D314CD /* JHCommonItem.h */,
				7DAF4FB81B784FC700D314CD /* JHCommonItem.m */,
				7DAF4FBA1B784FFA00D314CD /* JHCommonArrowItem.h */,
				7DAF4FBB1B784FFA00D314CD /* JHCommonArrowItem.m */,
				7DAF4FBD1B7850F700D314CD /* JHCommonCell.h */,
				7DAF4FBE1B7850F700D314CD /* JHCommonCell.m */,
			);
			path = Common;
			sourceTree = "<group>";
		};
		7DAF4FC31B788FED00D314CD /* Lib */ = {
			isa = PBXGroup;
			children = (
				7DAF4FC41B78900300D314CD /* ALAssetsLibrary-CustomPhotoAlbum */,
			);
			path = Lib;
			sourceTree = "<group>";
		};
		7DAF4FC41B78900300D314CD /* ALAssetsLibrary-CustomPhotoAlbum */ = {
			isa = PBXGroup;
			children = (
				7DAF4FC51B78900300D314CD /* ALAssetsLibrary+CustomPhotoAlbum.h */,
				7DAF4FC61B78900300D314CD /* ALAssetsLibrary+CustomPhotoAlbum.m */,
			);
			path = "ALAssetsLibrary-CustomPhotoAlbum";
			sourceTree = "<group>";
		};
		7DAF4FE81B78998400D314CD /* Log */ = {
			isa = PBXGroup;
			children = (
				7DAF4FE91B78998400D314CD /* Foundation+Log.m */,
			);
			path = Log;
			sourceTree = "<group>";
		};
		7DAF4FEA1B78998400D314CD /* NSDateCategory */ = {
			isa = PBXGroup;
			children = (
				7DAF4FEB1B78998400D314CD /* NSDate+Extension.h */,
				7DAF4FEC1B78998400D314CD /* NSDate+Extension.m */,
			);
			path = NSDateCategory;
			sourceTree = "<group>";
		};
		7DAF4FED1B78998400D314CD /* NSStringCategory */ = {
			isa = PBXGroup;
			children = (
				7DAF4FEE1B78998400D314CD /* NSString+Emoji.h */,
				7DAF4FEF1B78998400D314CD /* NSString+Emoji.m */,
				7DAF4FF01B78998400D314CD /* NSString+Extension.h */,
				7DAF4FF11B78998400D314CD /* NSString+Extension.m */,
				7DAF4FF21B78998400D314CD /* NSString+File.h */,
				7DAF4FF31B78998400D314CD /* NSString+File.m */,
				7DAF4FF41B78998400D314CD /* NSString+Hash.h */,
				7DAF4FF51B78998400D314CD /* NSString+Hash.m */,
			);
			path = NSStringCategory;
			sourceTree = "<group>";
		};
		7DAF4FF61B78998400D314CD /* UIImageCategory */ = {
			isa = PBXGroup;
			children = (
				7DAF4FF71B78998400D314CD /* UIImage+Extension.h */,
				7DAF4FF81B78998400D314CD /* UIImage+Extension.m */,
			);
			path = UIImageCategory;
			sourceTree = "<group>";
		};
		7DAF4FF91B78998400D314CD /* UIViewCategory */ = {
			isa = PBXGroup;
			children = (
				7DAF4FFA1B78998400D314CD /* UIView+Extension.h */,
				7DAF4FFB1B78998400D314CD /* UIView+Extension.m */,
			);
			path = UIViewCategory;
			sourceTree = "<group>";
		};
		7DAF50041B78999600D314CD /* UIBarButtonItemCategory */ = {
			isa = PBXGroup;
			children = (
				7DAF50051B78999600D314CD /* UIBarButtonItem+Extension.h */,
				7DAF50061B78999600D314CD /* UIBarButtonItem+Extension.m */,
			);
			path = UIBarButtonItemCategory;
			sourceTree = "<group>";
		};
		7DAF50081B7899EB00D314CD /* ImageCapture */ = {
			isa = PBXGroup;
			children = (
				7DAF50091B789A2800D314CD /* JHImageCaptureViewController.h */,
				7DAF500A1B789A2800D314CD /* JHImageCaptureViewController.m */,
			);
			path = ImageCapture;
			sourceTree = "<group>";
		};
		7DE9CBB41B7992E800FA7DE7 /* AsyncSocket */ = {
			isa = PBXGroup;
			children = (
				7DE9CBB51B7993B500FA7DE7 /* JHSocketServer.h */,
				7DE9CBB61B7993B500FA7DE7 /* JHSocketServer.m */,
				7DE9CBB81B799A5C00FA7DE7 /* JHAsyncSocketVc.h */,
				7DE9CBB91B799A5C00FA7DE7 /* JHAsyncSocketVc.m */,
			);
			path = AsyncSocket;
			sourceTree = "<group>";
		};
		7DE9CBBB1B79FF3400FA7DE7 /* PlacehoderTextView */ = {
			isa = PBXGroup;
			children = (
				7DE9CBBC1B79FF6500FA7DE7 /* JHTextView.h */,
				7DE9CBBD1B79FF6500FA7DE7 /* JHTextView.m */,
				7DE9CBBF1B7A00CF00FA7DE7 /* JHPlaceholderTextViewVc.h */,
				7DE9CBC01B7A00CF00FA7DE7 /* JHPlaceholderTextViewVc.m */,
			);
			path = PlacehoderTextView;
			sourceTree = "<group>";
		};
		A051F8B6ADA79DD8426649C6 /* Frameworks */ = {
			isa = PBXGroup;
			children = (
				4435759273F24E4801974761 /* libPods.a */,
			);
			name = Frameworks;
			sourceTree = "<group>";
		};
/* End PBXGroup section */

/* Begin PBXNativeTarget section */
		7DAF4F561B78393A00D314CD /* iOSDevTips */ = {
			isa = PBXNativeTarget;
			buildConfigurationList = 7DAF4F7A1B78393A00D314CD /* Build configuration list for PBXNativeTarget "iOSDevTips" */;
			buildPhases = (
				AA106D596EBD5091668C135E /* Check Pods Manifest.lock */,
				7DAF4F531B78393A00D314CD /* Sources */,
				7DAF4F541B78393A00D314CD /* Frameworks */,
				7DAF4F551B78393A00D314CD /* Resources */,
				30615C133142BF80D88F4D97 /* Copy Pods Resources */,
			);
			buildRules = (
			);
			dependencies = (
			);
			name = iOSDevTips;
			productName = iOSDevTips;
			productReference = 7DAF4F571B78393A00D314CD /* iOSDevTips.app */;
			productType = "com.apple.product-type.application";
		};
		7DAF4F6F1B78393A00D314CD /* iOSDevTipsTests */ = {
			isa = PBXNativeTarget;
			buildConfigurationList = 7DAF4F7D1B78393A00D314CD /* Build configuration list for PBXNativeTarget "iOSDevTipsTests" */;
			buildPhases = (
				7DAF4F6C1B78393A00D314CD /* Sources */,
				7DAF4F6D1B78393A00D314CD /* Frameworks */,
				7DAF4F6E1B78393A00D314CD /* Resources */,
			);
			buildRules = (
			);
			dependencies = (
				7DAF4F721B78393A00D314CD /* PBXTargetDependency */,
			);
			name = iOSDevTipsTests;
			productName = iOSDevTipsTests;
			productReference = 7DAF4F701B78393A00D314CD /* iOSDevTipsTests.xctest */;
			productType = "com.apple.product-type.bundle.unit-test";
		};
/* End PBXNativeTarget section */

/* Begin PBXProject section */
		7DAF4F4F1B78393A00D314CD /* Project object */ = {
			isa = PBXProject;
			attributes = {
				CLASSPREFIX = JH;
				LastUpgradeCheck = 0640;
				ORGANIZATIONNAME = piglikeyoung;
				TargetAttributes = {
					7DAF4F561B78393A00D314CD = {
						CreatedOnToolsVersion = 6.4;
						DevelopmentTeam = 5Y9725444V;
					};
					7DAF4F6F1B78393A00D314CD = {
						CreatedOnToolsVersion = 6.4;
						TestTargetID = 7DAF4F561B78393A00D314CD;
					};
				};
			};
			buildConfigurationList = 7DAF4F521B78393A00D314CD /* Build configuration list for PBXProject "iOSDevTips" */;
			compatibilityVersion = "Xcode 3.2";
			developmentRegion = English;
			hasScannedForEncodings = 0;
			knownRegions = (
				en,
				Base,
			);
			mainGroup = 7DAF4F4E1B78393A00D314CD;
			productRefGroup = 7DAF4F581B78393A00D314CD /* Products */;
			projectDirPath = "";
			projectRoot = "";
			targets = (
				7DAF4F561B78393A00D314CD /* iOSDevTips */,
				7DAF4F6F1B78393A00D314CD /* iOSDevTipsTests */,
			);
		};
/* End PBXProject section */

/* Begin PBXResourcesBuildPhase section */
		7DAF4F551B78393A00D314CD /* Resources */ = {
			isa = PBXResourcesBuildPhase;
			buildActionMask = 2147483647;
			files = (
				7DAF4F661B78393A00D314CD /* Main.storyboard in Resources */,
				7DAF4F6B1B78393A00D314CD /* LaunchScreen.xib in Resources */,
				7DAF4F681B78393A00D314CD /* Images.xcassets in Resources */,
			);
			runOnlyForDeploymentPostprocessing = 0;
		};
		7DAF4F6E1B78393A00D314CD /* Resources */ = {
			isa = PBXResourcesBuildPhase;
			buildActionMask = 2147483647;
			files = (
			);
			runOnlyForDeploymentPostprocessing = 0;
		};
/* End PBXResourcesBuildPhase section */

/* Begin PBXShellScriptBuildPhase section */
		30615C133142BF80D88F4D97 /* Copy Pods Resources */ = {
			isa = PBXShellScriptBuildPhase;
			buildActionMask = 2147483647;
			files = (
			);
			inputPaths = (
			);
			name = "Copy Pods Resources";
			outputPaths = (
			);
			runOnlyForDeploymentPostprocessing = 0;
			shellPath = /bin/sh;
			shellScript = "\"${SRCROOT}/Pods/Target Support Files/Pods/Pods-resources.sh\"\n";
			showEnvVarsInLog = 0;
		};
		AA106D596EBD5091668C135E /* Check Pods Manifest.lock */ = {
			isa = PBXShellScriptBuildPhase;
			buildActionMask = 2147483647;
			files = (
			);
			inputPaths = (
			);
			name = "Check Pods Manifest.lock";
			outputPaths = (
			);
			runOnlyForDeploymentPostprocessing = 0;
			shellPath = /bin/sh;
			shellScript = "diff \"${PODS_ROOT}/../Podfile.lock\" \"${PODS_ROOT}/Manifest.lock\" > /dev/null\nif [[ $? != 0 ]] ; then\n    cat << EOM\nerror: The sandbox is not in sync with the Podfile.lock. Run 'pod install' or update your CocoaPods installation.\nEOM\n    exit 1\nfi\n";
			showEnvVarsInLog = 0;
		};
/* End PBXShellScriptBuildPhase section */

/* Begin PBXSourcesBuildPhase section */
		7DAF4F531B78393A00D314CD /* Sources */ = {
			isa = PBXSourcesBuildPhase;
			buildActionMask = 2147483647;
			files = (
				7DAF50001B78998400D314CD /* NSString+File.m in Sources */,
				7DAF500B1B789A2800D314CD /* JHImageCaptureViewController.m in Sources */,
				7DAF4FFE1B78998400D314CD /* NSString+Emoji.m in Sources */,
				7DAF4FFD1B78998400D314CD /* NSDate+Extension.m in Sources */,
				7DAF4FA41B78404500D314CD /* JHSysPhotoAlbumVc.m in Sources */,
				7DAF4FB91B784FC700D314CD /* JHCommonItem.m in Sources */,
				7DAF4F971B783FDE00D314CD /* JHMainViewController.m in Sources */,
				7DAF4FC71B78900300D314CD /* ALAssetsLibrary+CustomPhotoAlbum.m in Sources */,
				7DE9CBC11B7A00CF00FA7DE7 /* JHPlaceholderTextViewVc.m in Sources */,
				7DAF50021B78998400D314CD /* UIImage+Extension.m in Sources */,
				7DAF4FB21B784E2A00D314CD /* JHCommonViewController.m in Sources */,
				7DAF4F961B783FDE00D314CD /* JHNavigationController.m in Sources */,
				7DAF50031B78998400D314CD /* UIView+Extension.m in Sources */,
				7DAF4FBC1B784FFA00D314CD /* JHCommonArrowItem.m in Sources */,
				7DE9CBB71B7993B500FA7DE7 /* JHSocketServer.m in Sources */,
				7DE9CBBE1B79FF6500FA7DE7 /* JHTextView.m in Sources */,
				7DE551561B7AE4B70068CD81 /* HMNavigationController.m in Sources */,
				7DAF4F5D1B78393A00D314CD /* main.m in Sources */,
				7DAF4F981B783FDE00D314CD /* AppDelegate.m in Sources */,
				7DAF4FC21B787AFD00D314CD /* JHCustomPhotoAlbumVc.m in Sources */,
				7DAF50071B78999600D314CD /* UIBarButtonItem+Extension.m in Sources */,
				7DAF50011B78998400D314CD /* NSString+Hash.m in Sources */,
				7DAF4FFC1B78998400D314CD /* Foundation+Log.m in Sources */,
				7DAF4FB61B784F7000D314CD /* JHCommonGroup.m in Sources */,
				7DAF4FBF1B7850F700D314CD /* JHCommonCell.m in Sources */,
				7DE9CBBA1B799A5C00FA7DE7 /* JHAsyncSocketVc.m in Sources */,
				7DAF4FFF1B78998400D314CD /* NSString+Extension.m in Sources */,
			);
			runOnlyForDeploymentPostprocessing = 0;
		};
		7DAF4F6C1B78393A00D314CD /* Sources */ = {
			isa = PBXSourcesBuildPhase;
			buildActionMask = 2147483647;
			files = (
				7DAF4F771B78393A00D314CD /* iOSDevTipsTests.m in Sources */,
			);
			runOnlyForDeploymentPostprocessing = 0;
		};
/* End PBXSourcesBuildPhase section */

/* Begin PBXTargetDependency section */
		7DAF4F721B78393A00D314CD /* PBXTargetDependency */ = {
			isa = PBXTargetDependency;
			target = 7DAF4F561B78393A00D314CD /* iOSDevTips */;
			targetProxy = 7DAF4F711B78393A00D314CD /* PBXContainerItemProxy */;
		};
/* End PBXTargetDependency section */

/* Begin PBXVariantGroup section */
		7DAF4F641B78393A00D314CD /* Main.storyboard */ = {
			isa = PBXVariantGroup;
			children = (
				7DAF4F651B78393A00D314CD /* Base */,
			);
			name = Main.storyboard;
			sourceTree = "<group>";
		};
		7DAF4F691B78393A00D314CD /* LaunchScreen.xib */ = {
			isa = PBXVariantGroup;
			children = (
				7DAF4F6A1B78393A00D314CD /* Base */,
			);
			name = LaunchScreen.xib;
			sourceTree = "<group>";
		};
/* End PBXVariantGroup section */

/* Begin XCBuildConfiguration section */
		7DAF4F781B78393A00D314CD /* Debug */ = {
			isa = XCBuildConfiguration;
			buildSettings = {
				ALWAYS_SEARCH_USER_PATHS = NO;
				CLANG_CXX_LANGUAGE_STANDARD = "gnu++0x";
				CLANG_CXX_LIBRARY = "libc++";
				CLANG_ENABLE_MODULES = YES;
				CLANG_ENABLE_OBJC_ARC = YES;
				CLANG_WARN_BOOL_CONVERSION = YES;
				CLANG_WARN_CONSTANT_CONVERSION = YES;
				CLANG_WARN_DIRECT_OBJC_ISA_USAGE = YES_ERROR;
				CLANG_WARN_EMPTY_BODY = YES;
				CLANG_WARN_ENUM_CONVERSION = YES;
				CLANG_WARN_INT_CONVERSION = YES;
				CLANG_WARN_OBJC_ROOT_CLASS = YES_ERROR;
				CLANG_WARN_UNREACHABLE_CODE = YES;
				CLANG_WARN__DUPLICATE_METHOD_MATCH = YES;
				"CODE_SIGN_IDENTITY[sdk=iphoneos*]" = "iPhone Developer";
				COPY_PHASE_STRIP = NO;
				DEBUG_INFORMATION_FORMAT = "dwarf-with-dsym";
				ENABLE_STRICT_OBJC_MSGSEND = YES;
				GCC_C_LANGUAGE_STANDARD = gnu99;
				GCC_DYNAMIC_NO_PIC = NO;
				GCC_NO_COMMON_BLOCKS = YES;
				GCC_OPTIMIZATION_LEVEL = 0;
				GCC_PREPROCESSOR_DEFINITIONS = (
					"DEBUG=1",
					"$(inherited)",
				);
				GCC_SYMBOLS_PRIVATE_EXTERN = NO;
				GCC_WARN_64_TO_32_BIT_CONVERSION = YES;
				GCC_WARN_ABOUT_RETURN_TYPE = YES_ERROR;
				GCC_WARN_UNDECLARED_SELECTOR = YES;
				GCC_WARN_UNINITIALIZED_AUTOS = YES_AGGRESSIVE;
				GCC_WARN_UNUSED_FUNCTION = YES;
				GCC_WARN_UNUSED_VARIABLE = YES;
				IPHONEOS_DEPLOYMENT_TARGET = 8.4;
				MTL_ENABLE_DEBUG_INFO = YES;
				ONLY_ACTIVE_ARCH = YES;
				SDKROOT = iphoneos;
				TARGETED_DEVICE_FAMILY = "1,2";
			};
			name = Debug;
		};
		7DAF4F791B78393A00D314CD /* Release */ = {
			isa = XCBuildConfiguration;
			buildSettings = {
				ALWAYS_SEARCH_USER_PATHS = NO;
				CLANG_CXX_LANGUAGE_STANDARD = "gnu++0x";
				CLANG_CXX_LIBRARY = "libc++";
				CLANG_ENABLE_MODULES = YES;
				CLANG_ENABLE_OBJC_ARC = YES;
				CLANG_WARN_BOOL_CONVERSION = YES;
				CLANG_WARN_CONSTANT_CONVERSION = YES;
				CLANG_WARN_DIRECT_OBJC_ISA_USAGE = YES_ERROR;
				CLANG_WARN_EMPTY_BODY = YES;
				CLANG_WARN_ENUM_CONVERSION = YES;
				CLANG_WARN_INT_CONVERSION = YES;
				CLANG_WARN_OBJC_ROOT_CLASS = YES_ERROR;
				CLANG_WARN_UNREACHABLE_CODE = YES;
				CLANG_WARN__DUPLICATE_METHOD_MATCH = YES;
				"CODE_SIGN_IDENTITY[sdk=iphoneos*]" = "iPhone Developer";
				COPY_PHASE_STRIP = NO;
				DEBUG_INFORMATION_FORMAT = "dwarf-with-dsym";
				ENABLE_NS_ASSERTIONS = NO;
				ENABLE_STRICT_OBJC_MSGSEND = YES;
				GCC_C_LANGUAGE_STANDARD = gnu99;
				GCC_NO_COMMON_BLOCKS = YES;
				GCC_WARN_64_TO_32_BIT_CONVERSION = YES;
				GCC_WARN_ABOUT_RETURN_TYPE = YES_ERROR;
				GCC_WARN_UNDECLARED_SELECTOR = YES;
				GCC_WARN_UNINITIALIZED_AUTOS = YES_AGGRESSIVE;
				GCC_WARN_UNUSED_FUNCTION = YES;
				GCC_WARN_UNUSED_VARIABLE = YES;
				IPHONEOS_DEPLOYMENT_TARGET = 8.4;
				MTL_ENABLE_DEBUG_INFO = NO;
				SDKROOT = iphoneos;
				TARGETED_DEVICE_FAMILY = "1,2";
				VALIDATE_PRODUCT = YES;
			};
			name = Release;
		};
		7DAF4F7B1B78393A00D314CD /* Debug */ = {
			isa = XCBuildConfiguration;
			baseConfigurationReference = 74983A02184CA3316314623E /* Pods.debug.xcconfig */;
			buildSettings = {
				ASSETCATALOG_COMPILER_APPICON_NAME = AppIcon;
				CODE_SIGN_IDENTITY = "iPhone Developer";
				GCC_PRECOMPILE_PREFIX_HEADER = YES;
				GCC_PREFIX_HEADER = "$(SRCROOT)/iOSDevTips/JHPrefixHeader.pch";
				INFOPLIST_FILE = iOSDevTips/Info.plist;
				IPHONEOS_DEPLOYMENT_TARGET = 8.1;
				LD_RUNPATH_SEARCH_PATHS = "$(inherited) @executable_path/Frameworks";
				PRODUCT_NAME = "$(TARGET_NAME)";
			};
			name = Debug;
		};
		7DAF4F7C1B78393A00D314CD /* Release */ = {
			isa = XCBuildConfiguration;
			baseConfigurationReference = BBE044C142EA45CAFC03FE6D /* Pods.release.xcconfig */;
			buildSettings = {
				ASSETCATALOG_COMPILER_APPICON_NAME = AppIcon;
				CODE_SIGN_IDENTITY = "iPhone Developer";
				GCC_PRECOMPILE_PREFIX_HEADER = YES;
				GCC_PREFIX_HEADER = "$(SRCROOT)/iOSDevTips/JHPrefixHeader.pch";
				INFOPLIST_FILE = iOSDevTips/Info.plist;
				IPHONEOS_DEPLOYMENT_TARGET = 8.1;
				LD_RUNPATH_SEARCH_PATHS = "$(inherited) @executable_path/Frameworks";
				PRODUCT_NAME = "$(TARGET_NAME)";
			};
			name = Release;
		};
		7DAF4F7E1B78393A00D314CD /* Debug */ = {
			isa = XCBuildConfiguration;
			buildSettings = {
				BUNDLE_LOADER = "$(TEST_HOST)";
				FRAMEWORK_SEARCH_PATHS = (
					"$(SDKROOT)/Developer/Library/Frameworks",
					"$(inherited)",
				);
				GCC_PREPROCESSOR_DEFINITIONS = (
					"DEBUG=1",
					"$(inherited)",
				);
				INFOPLIST_FILE = iOSDevTipsTests/Info.plist;
				LD_RUNPATH_SEARCH_PATHS = "$(inherited) @executable_path/Frameworks @loader_path/Frameworks";
				PRODUCT_NAME = "$(TARGET_NAME)";
				TEST_HOST = "$(BUILT_PRODUCTS_DIR)/iOSDevTips.app/iOSDevTips";
			};
			name = Debug;
		};
		7DAF4F7F1B78393A00D314CD /* Release */ = {
			isa = XCBuildConfiguration;
			buildSettings = {
				BUNDLE_LOADER = "$(TEST_HOST)";
				FRAMEWORK_SEARCH_PATHS = (
					"$(SDKROOT)/Developer/Library/Frameworks",
					"$(inherited)",
				);
				INFOPLIST_FILE = iOSDevTipsTests/Info.plist;
				LD_RUNPATH_SEARCH_PATHS = "$(inherited) @executable_path/Frameworks @loader_path/Frameworks";
				PRODUCT_NAME = "$(TARGET_NAME)";
				TEST_HOST = "$(BUILT_PRODUCTS_DIR)/iOSDevTips.app/iOSDevTips";
			};
			name = Release;
		};
/* End XCBuildConfiguration section */

/* Begin XCConfigurationList section */
		7DAF4F521B78393A00D314CD /* Build configuration list for PBXProject "iOSDevTips" */ = {
			isa = XCConfigurationList;
			buildConfigurations = (
				7DAF4F781B78393A00D314CD /* Debug */,
				7DAF4F791B78393A00D314CD /* Release */,
			);
			defaultConfigurationIsVisible = 0;
			defaultConfigurationName = Release;
		};
		7DAF4F7A1B78393A00D314CD /* Build configuration list for PBXNativeTarget "iOSDevTips" */ = {
			isa = XCConfigurationList;
			buildConfigurations = (
				7DAF4F7B1B78393A00D314CD /* Debug */,
				7DAF4F7C1B78393A00D314CD /* Release */,
			);
			defaultConfigurationIsVisible = 0;
			defaultConfigurationName = Release;
		};
		7DAF4F7D1B78393A00D314CD /* Build configuration list for PBXNativeTarget "iOSDevTipsTests" */ = {
			isa = XCConfigurationList;
			buildConfigurations = (
				7DAF4F7E1B78393A00D314CD /* Debug */,
				7DAF4F7F1B78393A00D314CD /* Release */,
			);
			defaultConfigurationIsVisible = 0;
			defaultConfigurationName = Release;
		};
/* End XCConfigurationList section */
	};
	rootObject = 7DAF4F4F1B78393A00D314CD /* Project object */;
}
